// !$*UTF8*$!
{
	archiveVersion = 1;
	classes = {
	};
	objectVersion = 46;
	objects = {

/* Begin PBXBuildFile section */
		FD55120015E1632400214372 /* Reachability.m in Sources */ = {isa = PBXBuildFile; fileRef = FD5511FF15E1632400214372 /* Reachability.m */; settings = {COMPILER_FLAGS = "-fno-objc-arc"; }; };
		FD5ECF3B15D6ABCB0061E472 /* UIKit.framework in Frameworks */ = {isa = PBXBuildFile; fileRef = FD5ECF3A15D6ABCB0061E472 /* UIKit.framework */; };
		FD5ECF3D15D6ABCB0061E472 /* Foundation.framework in Frameworks */ = {isa = PBXBuildFile; fileRef = FD5ECF3C15D6ABCB0061E472 /* Foundation.framework */; };
		FD5ECF3F15D6ABCB0061E472 /* CoreGraphics.framework in Frameworks */ = {isa = PBXBuildFile; fileRef = FD5ECF3E15D6ABCB0061E472 /* CoreGraphics.framework */; };
		FD5ECF4515D6ABCB0061E472 /* InfoPlist.strings in Resources */ = {isa = PBXBuildFile; fileRef = FD5ECF4315D6ABCB0061E472 /* InfoPlist.strings */; };
		FD5ECF4715D6ABCB0061E472 /* main.m in Sources */ = {isa = PBXBuildFile; fileRef = FD5ECF4615D6ABCB0061E472 /* main.m */; };
		FD5ECF4B15D6ABCB0061E472 /* JBQAAppDelegate.m in Sources */ = {isa = PBXBuildFile; fileRef = FD5ECF4A15D6ABCB0061E472 /* JBQAAppDelegate.m */; };
		FD5ECF4E15D6ABCB0061E472 /* JBQAMasterViewController.m in Sources */ = {isa = PBXBuildFile; fileRef = FD5ECF4D15D6ABCB0061E472 /* JBQAMasterViewController.m */; };
		FD5ECF5115D6ABCB0061E472 /* JBQADetailViewController.m in Sources */ = {isa = PBXBuildFile; fileRef = FD5ECF5015D6ABCB0061E472 /* JBQADetailViewController.m */; };
		FD5ECF5415D6ABCB0061E472 /* JBQAMasterViewController_iPhone.xib in Resources */ = {isa = PBXBuildFile; fileRef = FD5ECF5215D6ABCB0061E472 /* JBQAMasterViewController_iPhone.xib */; };
		FD5ECF5715D6ABCB0061E472 /* JBQAMasterViewController_iPad.xib in Resources */ = {isa = PBXBuildFile; fileRef = FD5ECF5515D6ABCB0061E472 /* JBQAMasterViewController_iPad.xib */; };
		FD5ECF5A15D6ABCB0061E472 /* JBQADetailViewController_iPhone.xib in Resources */ = {isa = PBXBuildFile; fileRef = FD5ECF5815D6ABCB0061E472 /* JBQADetailViewController_iPhone.xib */; };
		FD5ECF5D15D6ABCB0061E472 /* JBQADetailViewController_iPad.xib in Resources */ = {isa = PBXBuildFile; fileRef = FD5ECF5B15D6ABCB0061E472 /* JBQADetailViewController_iPad.xib */; };
		FD621D2715EA7406007EEE78 /* ODRefreshControl.m in Sources */ = {isa = PBXBuildFile; fileRef = FD621D2615EA7406007EEE78 /* ODRefreshControl.m */; };
		FD621D2C15EA8009007EEE78 /* BButton.m in Sources */ = {isa = PBXBuildFile; fileRef = FD621D2A15EA8009007EEE78 /* BButton.m */; };
		FD621D4315EA98B2007EEE78 /* JBQAMobileIcon.png in Resources */ = {isa = PBXBuildFile; fileRef = FD621D3D15EA98B2007EEE78 /* JBQAMobileIcon.png */; };
		FD621D4415EA98B2007EEE78 /* JBQAMobileIcon@2x.png in Resources */ = {isa = PBXBuildFile; fileRef = FD621D3E15EA98B2007EEE78 /* JBQAMobileIcon@2x.png */; };
		FD621D4515EA98B2007EEE78 /* light_noise_diagonal.png in Resources */ = {isa = PBXBuildFile; fileRef = FD621D3F15EA98B2007EEE78 /* light_noise_diagonal.png */; };
		FD621D4615EA98B2007EEE78 /* light_noise_diagonal_@2X.png in Resources */ = {isa = PBXBuildFile; fileRef = FD621D4015EA98B2007EEE78 /* light_noise_diagonal_@2X.png */; };
		FD621D4715EA98B2007EEE78 /* retina_wood.png in Resources */ = {isa = PBXBuildFile; fileRef = FD621D4115EA98B2007EEE78 /* retina_wood.png */; };
		FD621D4815EA98B2007EEE78 /* retina_wood_@2X.png in Resources */ = {isa = PBXBuildFile; fileRef = FD621D4215EA98B2007EEE78 /* retina_wood_@2X.png */; };
		FD92F33D15E47130002D50E2 /* JBQAQuestionController.m in Sources */ = {isa = PBXBuildFile; fileRef = FD92F33B15E47130002D50E2 /* JBQAQuestionController.m */; };
		FD92F33E15E47130002D50E2 /* JBQAQuestionController.xib in Resources */ = {isa = PBXBuildFile; fileRef = FD92F33C15E47130002D50E2 /* JBQAQuestionController.xib */; };
		FD92F34015E47168002D50E2 /* JBQAQuestionController_iPad.xib in Resources */ = {isa = PBXBuildFile; fileRef = FD92F33F15E47168002D50E2 /* JBQAQuestionController_iPad.xib */; };
		FDAB15AC15D99D91001B8FA5 /* libz.1.2.5.dylib in Frameworks */ = {isa = PBXBuildFile; fileRef = FDAB15AB15D99D91001B8FA5 /* libz.1.2.5.dylib */; };
		FDAB15AE15D99D98001B8FA5 /* libxml2.2.7.3.dylib in Frameworks */ = {isa = PBXBuildFile; fileRef = FDAB15AD15D99D98001B8FA5 /* libxml2.2.7.3.dylib */; };
		FDAB15B015D99DAF001B8FA5 /* CFNetwork.framework in Frameworks */ = {isa = PBXBuildFile; fileRef = FDAB15AF15D99DAF001B8FA5 /* CFNetwork.framework */; };
		FDAB15B215D99DB3001B8FA5 /* MobileCoreServices.framework in Frameworks */ = {isa = PBXBuildFile; fileRef = FDAB15B115D99DB3001B8FA5 /* MobileCoreServices.framework */; };
		FDAB15B415D99DB7001B8FA5 /* SystemConfiguration.framework in Frameworks */ = {isa = PBXBuildFile; fileRef = FDAB15B315D99DB7001B8FA5 /* SystemConfiguration.framework */; };
		FDDA61F515E4074E0059896C /* JBQALoginController.m in Sources */ = {isa = PBXBuildFile; fileRef = FDDA61F415E4074E0059896C /* JBQALoginController.m */; };
		FDDC8B6715E92D3400DC305F /* QuartzCore.framework in Frameworks */ = {isa = PBXBuildFile; fileRef = FDDC8B6615E92D3400DC305F /* QuartzCore.framework */; };
		FDF4DA5D15E933FE00FD223E /* JBQAFeedParser.m in Sources */ = {isa = PBXBuildFile; fileRef = FDF4DA5C15E933FE00FD223E /* JBQAFeedParser.m */; };
		FDF4DA6515E9364600FD223E /* JBQAReachability.m in Sources */ = {isa = PBXBuildFile; fileRef = FDF4DA6415E9364600FD223E /* JBQAReachability.m */; };
/* End PBXBuildFile section */

/* Begin PBXFileReference section */
		48070B8515D8E1EC0087D034 /* CoreFoundation.framework */ = {isa = PBXFileReference; lastKnownFileType = wrapper.framework; name = CoreFoundation.framework; path = /Applications/Xcode.app/Contents/Developer/Platforms/iPhoneOS.platform/Developer/SDKs/iPhoneOS5.1.sdk/System/Library/Frameworks/CoreFoundation.framework; sourceTree = "<absolute>"; };
		FD5511FE15E1632400214372 /* Reachability.h */ = {isa = PBXFileReference; fileEncoding = 4; lastKnownFileType = sourcecode.c.h; path = Reachability.h; sourceTree = "<group>"; };
		FD5511FF15E1632400214372 /* Reachability.m */ = {isa = PBXFileReference; fileEncoding = 4; lastKnownFileType = sourcecode.c.objc; path = Reachability.m; sourceTree = "<group>"; };
		FD5ECF3615D6ABCB0061E472 /* JBQA.app */ = {isa = PBXFileReference; explicitFileType = wrapper.application; includeInIndex = 0; path = JBQA.app; sourceTree = BUILT_PRODUCTS_DIR; };
		FD5ECF3A15D6ABCB0061E472 /* UIKit.framework */ = {isa = PBXFileReference; lastKnownFileType = wrapper.framework; name = UIKit.framework; path = System/Library/Frameworks/UIKit.framework; sourceTree = SDKROOT; };
		FD5ECF3C15D6ABCB0061E472 /* Foundation.framework */ = {isa = PBXFileReference; lastKnownFileType = wrapper.framework; name = Foundation.framework; path = System/Library/Frameworks/Foundation.framework; sourceTree = SDKROOT; };
		FD5ECF3E15D6ABCB0061E472 /* CoreGraphics.framework */ = {isa = PBXFileReference; lastKnownFileType = wrapper.framework; name = CoreGraphics.framework; path = System/Library/Frameworks/CoreGraphics.framework; sourceTree = SDKROOT; };
		FD5ECF4215D6ABCB0061E472 /* JBQA-Info.plist */ = {isa = PBXFileReference; lastKnownFileType = text.plist.xml; path = "JBQA-Info.plist"; sourceTree = "<group>"; };
		FD5ECF4415D6ABCB0061E472 /* en */ = {isa = PBXFileReference; lastKnownFileType = text.plist.strings; name = en; path = en.lproj/InfoPlist.strings; sourceTree = "<group>"; };
		FD5ECF4615D6ABCB0061E472 /* main.m */ = {isa = PBXFileReference; lastKnownFileType = sourcecode.c.objc; path = main.m; sourceTree = "<group>"; };
		FD5ECF4815D6ABCB0061E472 /* JBQA-Prefix.pch */ = {isa = PBXFileReference; lastKnownFileType = sourcecode.c.h; path = "JBQA-Prefix.pch"; sourceTree = "<group>"; };
		FD5ECF4915D6ABCB0061E472 /* JBQAAppDelegate.h */ = {isa = PBXFileReference; lastKnownFileType = sourcecode.c.h; path = JBQAAppDelegate.h; sourceTree = "<group>"; };
		FD5ECF4A15D6ABCB0061E472 /* JBQAAppDelegate.m */ = {isa = PBXFileReference; lastKnownFileType = sourcecode.c.objc; path = JBQAAppDelegate.m; sourceTree = "<group>"; };
		FD5ECF4C15D6ABCB0061E472 /* JBQAMasterViewController.h */ = {isa = PBXFileReference; lastKnownFileType = sourcecode.c.h; path = JBQAMasterViewController.h; sourceTree = "<group>"; };
		FD5ECF4D15D6ABCB0061E472 /* JBQAMasterViewController.m */ = {isa = PBXFileReference; lastKnownFileType = sourcecode.c.objc; path = JBQAMasterViewController.m; sourceTree = "<group>"; };
		FD5ECF4F15D6ABCB0061E472 /* JBQADetailViewController.h */ = {isa = PBXFileReference; lastKnownFileType = sourcecode.c.h; path = JBQADetailViewController.h; sourceTree = "<group>"; };
		FD5ECF5015D6ABCB0061E472 /* JBQADetailViewController.m */ = {isa = PBXFileReference; lastKnownFileType = sourcecode.c.objc; path = JBQADetailViewController.m; sourceTree = "<group>"; };
		FD5ECF5315D6ABCB0061E472 /* en */ = {isa = PBXFileReference; lastKnownFileType = file.xib; name = en; path = en.lproj/JBQAMasterViewController_iPhone.xib; sourceTree = "<group>"; };
		FD5ECF5615D6ABCB0061E472 /* en */ = {isa = PBXFileReference; lastKnownFileType = file.xib; name = en; path = en.lproj/JBQAMasterViewController_iPad.xib; sourceTree = "<group>"; };
		FD5ECF5915D6ABCB0061E472 /* en */ = {isa = PBXFileReference; lastKnownFileType = file.xib; name = en; path = en.lproj/JBQADetailViewController_iPhone.xib; sourceTree = "<group>"; };
		FD5ECF5C15D6ABCB0061E472 /* en */ = {isa = PBXFileReference; lastKnownFileType = file.xib; name = en; path = en.lproj/JBQADetailViewController_iPad.xib; sourceTree = "<group>"; };
		FD621D2515EA7406007EEE78 /* ODRefreshControl.h */ = {isa = PBXFileReference; fileEncoding = 4; lastKnownFileType = sourcecode.c.h; path = ODRefreshControl.h; sourceTree = "<group>"; };
		FD621D2615EA7406007EEE78 /* ODRefreshControl.m */ = {isa = PBXFileReference; fileEncoding = 4; lastKnownFileType = sourcecode.c.objc; path = ODRefreshControl.m; sourceTree = "<group>"; };
		FD621D2915EA8009007EEE78 /* BButton.h */ = {isa = PBXFileReference; fileEncoding = 4; lastKnownFileType = sourcecode.c.h; path = BButton.h; sourceTree = "<group>"; };
		FD621D2A15EA8009007EEE78 /* BButton.m */ = {isa = PBXFileReference; fileEncoding = 4; lastKnownFileType = sourcecode.c.objc; path = BButton.m; sourceTree = "<group>"; };
		FD621D3D15EA98B2007EEE78 /* JBQAMobileIcon.png */ = {isa = PBXFileReference; lastKnownFileType = image.png; path = JBQAMobileIcon.png; sourceTree = "<group>"; };
		FD621D3E15EA98B2007EEE78 /* JBQAMobileIcon@2x.png */ = {isa = PBXFileReference; lastKnownFileType = image.png; path = "JBQAMobileIcon@2x.png"; sourceTree = "<group>"; };
		FD621D3F15EA98B2007EEE78 /* light_noise_diagonal.png */ = {isa = PBXFileReference; lastKnownFileType = image.png; path = light_noise_diagonal.png; sourceTree = "<group>"; };
		FD621D4015EA98B2007EEE78 /* light_noise_diagonal_@2X.png */ = {isa = PBXFileReference; lastKnownFileType = image.png; path = "light_noise_diagonal_@2X.png"; sourceTree = "<group>"; };
		FD621D4115EA98B2007EEE78 /* retina_wood.png */ = {isa = PBXFileReference; lastKnownFileType = image.png; path = retina_wood.png; sourceTree = "<group>"; };
		FD621D4215EA98B2007EEE78 /* retina_wood_@2X.png */ = {isa = PBXFileReference; lastKnownFileType = image.png; path = "retina_wood_@2X.png"; sourceTree = "<group>"; };
		FD92F33A15E47130002D50E2 /* JBQAQuestionController.h */ = {isa = PBXFileReference; fileEncoding = 4; lastKnownFileType = sourcecode.c.h; path = JBQAQuestionController.h; sourceTree = "<group>"; };
		FD92F33B15E47130002D50E2 /* JBQAQuestionController.m */ = {isa = PBXFileReference; fileEncoding = 4; lastKnownFileType = sourcecode.c.objc; path = JBQAQuestionController.m; sourceTree = "<group>"; };
		FD92F33C15E47130002D50E2 /* JBQAQuestionController.xib */ = {isa = PBXFileReference; fileEncoding = 4; lastKnownFileType = file.xib; path = JBQAQuestionController.xib; sourceTree = "<group>"; };
		FD92F33F15E47168002D50E2 /* JBQAQuestionController_iPad.xib */ = {isa = PBXFileReference; fileEncoding = 4; lastKnownFileType = file.xib; path = JBQAQuestionController_iPad.xib; sourceTree = "<group>"; };
		FD92F34115E4739A002D50E2 /* JBQALinks.h */ = {isa = PBXFileReference; lastKnownFileType = sourcecode.c.h; path = JBQALinks.h; sourceTree = "<group>"; };
		FDAB15AB15D99D91001B8FA5 /* libz.1.2.5.dylib */ = {isa = PBXFileReference; lastKnownFileType = "compiled.mach-o.dylib"; name = libz.1.2.5.dylib; path = usr/lib/libz.1.2.5.dylib; sourceTree = SDKROOT; };
		FDAB15AD15D99D98001B8FA5 /* libxml2.2.7.3.dylib */ = {isa = PBXFileReference; lastKnownFileType = "compiled.mach-o.dylib"; name = libxml2.2.7.3.dylib; path = usr/lib/libxml2.2.7.3.dylib; sourceTree = SDKROOT; };
		FDAB15AF15D99DAF001B8FA5 /* CFNetwork.framework */ = {isa = PBXFileReference; lastKnownFileType = wrapper.framework; name = CFNetwork.framework; path = System/Library/Frameworks/CFNetwork.framework; sourceTree = SDKROOT; };
		FDAB15B115D99DB3001B8FA5 /* MobileCoreServices.framework */ = {isa = PBXFileReference; lastKnownFileType = wrapper.framework; name = MobileCoreServices.framework; path = System/Library/Frameworks/MobileCoreServices.framework; sourceTree = SDKROOT; };
		FDAB15B315D99DB7001B8FA5 /* SystemConfiguration.framework */ = {isa = PBXFileReference; lastKnownFileType = wrapper.framework; name = SystemConfiguration.framework; path = System/Library/Frameworks/SystemConfiguration.framework; sourceTree = SDKROOT; };
		FDDA61F315E4074E0059896C /* JBQALoginController.h */ = {isa = PBXFileReference; fileEncoding = 4; lastKnownFileType = sourcecode.c.h; path = JBQALoginController.h; sourceTree = "<group>"; };
		FDDA61F415E4074E0059896C /* JBQALoginController.m */ = {isa = PBXFileReference; fileEncoding = 4; lastKnownFileType = sourcecode.c.objc; path = JBQALoginController.m; sourceTree = "<group>"; };
		FDDC8B6615E92D3400DC305F /* QuartzCore.framework */ = {isa = PBXFileReference; lastKnownFileType = wrapper.framework; name = QuartzCore.framework; path = System/Library/Frameworks/QuartzCore.framework; sourceTree = SDKROOT; };
		FDF4DA5B15E933FE00FD223E /* JBQAFeedParser.h */ = {isa = PBXFileReference; fileEncoding = 4; lastKnownFileType = sourcecode.c.h; path = JBQAFeedParser.h; sourceTree = "<group>"; };
		FDF4DA5C15E933FE00FD223E /* JBQAFeedParser.m */ = {isa = PBXFileReference; fileEncoding = 4; lastKnownFileType = sourcecode.c.objc; path = JBQAFeedParser.m; sourceTree = "<group>"; };
		FDF4DA6315E9364600FD223E /* JBQAReachability.h */ = {isa = PBXFileReference; fileEncoding = 4; lastKnownFileType = sourcecode.c.h; path = JBQAReachability.h; sourceTree = "<group>"; };
		FDF4DA6415E9364600FD223E /* JBQAReachability.m */ = {isa = PBXFileReference; fileEncoding = 4; lastKnownFileType = sourcecode.c.objc; path = JBQAReachability.m; sourceTree = "<group>"; };
/* End PBXFileReference section */

/* Begin PBXFrameworksBuildPhase section */
		FD5ECF3315D6ABCB0061E472 /* Frameworks */ = {
			isa = PBXFrameworksBuildPhase;
			buildActionMask = 2147483647;
			files = (
				FDDC8B6715E92D3400DC305F /* QuartzCore.framework in Frameworks */,
				FDAB15B415D99DB7001B8FA5 /* SystemConfiguration.framework in Frameworks */,
				FDAB15B215D99DB3001B8FA5 /* MobileCoreServices.framework in Frameworks */,
				FDAB15B015D99DAF001B8FA5 /* CFNetwork.framework in Frameworks */,
				FDAB15AE15D99D98001B8FA5 /* libxml2.2.7.3.dylib in Frameworks */,
				FDAB15AC15D99D91001B8FA5 /* libz.1.2.5.dylib in Frameworks */,
				FD5ECF3B15D6ABCB0061E472 /* UIKit.framework in Frameworks */,
				FD5ECF3D15D6ABCB0061E472 /* Foundation.framework in Frameworks */,
				FD5ECF3F15D6ABCB0061E472 /* CoreGraphics.framework in Frameworks */,
			);
			runOnlyForDeploymentPostprocessing = 0;
		};
/* End PBXFrameworksBuildPhase section */

/* Begin PBXGroup section */
		48A2ADC715EB3E5000A520CE /* External Classes */ = {
			isa = PBXGroup;
			children = (
				FD621D2815EA8009007EEE78 /* BButton */,
				FD621D2415EA7406007EEE78 /* ODRefreshControl */,
				FD5511FD15E1632400214372 /* Reachability */,
			);
			name = "External Classes";
			sourceTree = "<group>";
		};
		FD5511FD15E1632400214372 /* Reachability */ = {
			isa = PBXGroup;
			children = (
				FD5511FE15E1632400214372 /* Reachability.h */,
				FD5511FF15E1632400214372 /* Reachability.m */,
			);
			path = Reachability;
			sourceTree = "<group>";
		};
		FD5ECF2B15D6ABCB0061E472 = {
			isa = PBXGroup;
			children = (
				FD5ECF4015D6ABCB0061E472 /* JBQA */,
				48A2ADC715EB3E5000A520CE /* External Classes */,
				FD621D3C15EA98B2007EEE78 /* Artwork */,
				FD5ECF3915D6ABCB0061E472 /* Frameworks */,
				FD5ECF3715D6ABCB0061E472 /* Products */,
			);
			sourceTree = "<group>";
		};
		FD5ECF3715D6ABCB0061E472 /* Products */ = {
			isa = PBXGroup;
			children = (
				FD5ECF3615D6ABCB0061E472 /* JBQA.app */,
			);
			name = Products;
			sourceTree = "<group>";
		};
		FD5ECF3915D6ABCB0061E472 /* Frameworks */ = {
			isa = PBXGroup;
			children = (
				FDDC8B6615E92D3400DC305F /* QuartzCore.framework */,
				FDAB15B315D99DB7001B8FA5 /* SystemConfiguration.framework */,
				FDAB15B115D99DB3001B8FA5 /* MobileCoreServices.framework */,
				FDAB15AF15D99DAF001B8FA5 /* CFNetwork.framework */,
				FDAB15AD15D99D98001B8FA5 /* libxml2.2.7.3.dylib */,
				FDAB15AB15D99D91001B8FA5 /* libz.1.2.5.dylib */,
				48070B8515D8E1EC0087D034 /* CoreFoundation.framework */,
				FD5ECF3A15D6ABCB0061E472 /* UIKit.framework */,
				FD5ECF3C15D6ABCB0061E472 /* Foundation.framework */,
				FD5ECF3E15D6ABCB0061E472 /* CoreGraphics.framework */,
			);
			name = Frameworks;
			sourceTree = "<group>";
		};
		FD5ECF4015D6ABCB0061E472 /* JBQA */ = {
			isa = PBXGroup;
			children = (
				FD5ECF4915D6ABCB0061E472 /* JBQAAppDelegate.h */,
				FD5ECF4A15D6ABCB0061E472 /* JBQAAppDelegate.m */,
				FD92F34115E4739A002D50E2 /* JBQALinks.h */,
				FD5ECF4C15D6ABCB0061E472 /* JBQAMasterViewController.h */,
				FD5ECF4D15D6ABCB0061E472 /* JBQAMasterViewController.m */,
				FDF4DA6315E9364600FD223E /* JBQAReachability.h */,
				FDF4DA6415E9364600FD223E /* JBQAReachability.m */,
				FDF4DA5B15E933FE00FD223E /* JBQAFeedParser.h */,
				FDF4DA5C15E933FE00FD223E /* JBQAFeedParser.m */,
				FDDA61F315E4074E0059896C /* JBQALoginController.h */,
				FDDA61F415E4074E0059896C /* JBQALoginController.m */,
				FD5ECF4F15D6ABCB0061E472 /* JBQADetailViewController.h */,
				FD5ECF5015D6ABCB0061E472 /* JBQADetailViewController.m */,
				FD92F33A15E47130002D50E2 /* JBQAQuestionController.h */,
				FD92F33B15E47130002D50E2 /* JBQAQuestionController.m */,
				FD5ECF5215D6ABCB0061E472 /* JBQAMasterViewController_iPhone.xib */,
				FD5ECF5515D6ABCB0061E472 /* JBQAMasterViewController_iPad.xib */,
				FD5ECF5815D6ABCB0061E472 /* JBQADetailViewController_iPhone.xib */,
				FD5ECF5B15D6ABCB0061E472 /* JBQADetailViewController_iPad.xib */,
				FD92F33C15E47130002D50E2 /* JBQAQuestionController.xib */,
				FD92F33F15E47168002D50E2 /* JBQAQuestionController_iPad.xib */,
				FD5ECF4115D6ABCB0061E472 /* Supporting Files */,
			);
			path = JBQA;
			sourceTree = "<group>";
		};
		FD5ECF4115D6ABCB0061E472 /* Supporting Files */ = {
			isa = PBXGroup;
			children = (
				FD5ECF4215D6ABCB0061E472 /* JBQA-Info.plist */,
				FD5ECF4315D6ABCB0061E472 /* InfoPlist.strings */,
				FD5ECF4615D6ABCB0061E472 /* main.m */,
				FD5ECF4815D6ABCB0061E472 /* JBQA-Prefix.pch */,
			);
			name = "Supporting Files";
			sourceTree = "<group>";
		};
		FD621D2415EA7406007EEE78 /* ODRefreshControl */ = {
			isa = PBXGroup;
			children = (
				FD621D2515EA7406007EEE78 /* ODRefreshControl.h */,
				FD621D2615EA7406007EEE78 /* ODRefreshControl.m */,
			);
			path = ODRefreshControl;
			sourceTree = "<group>";
		};
		FD621D2815EA8009007EEE78 /* BButton */ = {
			isa = PBXGroup;
			children = (
				FD621D2915EA8009007EEE78 /* BButton.h */,
				FD621D2A15EA8009007EEE78 /* BButton.m */,
			);
			path = BButton;
			sourceTree = "<group>";
		};
		FD621D3C15EA98B2007EEE78 /* Artwork */ = {
			isa = PBXGroup;
			children = (
				FD621D3D15EA98B2007EEE78 /* JBQAMobileIcon.png */,
				FD621D3E15EA98B2007EEE78 /* JBQAMobileIcon@2x.png */,
				FD621D3F15EA98B2007EEE78 /* light_noise_diagonal.png */,
				FD621D4015EA98B2007EEE78 /* light_noise_diagonal_@2X.png */,
				FD621D4115EA98B2007EEE78 /* retina_wood.png */,
				FD621D4215EA98B2007EEE78 /* retina_wood_@2X.png */,
			);
			path = Artwork;
			sourceTree = "<group>";
		};
/* End PBXGroup section */

/* Begin PBXNativeTarget section */
		FD5ECF3515D6ABCB0061E472 /* JBQA */ = {
			isa = PBXNativeTarget;
			buildConfigurationList = FD5ECF6015D6ABCB0061E472 /* Build configuration list for PBXNativeTarget "JBQA" */;
			buildPhases = (
				FD5ECF3215D6ABCB0061E472 /* Sources */,
				FD5ECF3315D6ABCB0061E472 /* Frameworks */,
				FD5ECF3415D6ABCB0061E472 /* Resources */,
				50524F424C454D533F /* ShellScript */,
			);
			buildRules = (
			);
			dependencies = (
			);
			name = JBQA;
			productName = JBQA;
			productReference = FD5ECF3615D6ABCB0061E472 /* JBQA.app */;
			productType = "com.apple.product-type.application";
		};
/* End PBXNativeTarget section */

/* Begin PBXProject section */
		FD5ECF2D15D6ABCB0061E472 /* Project object */ = {
			isa = PBXProject;
			attributes = {
				CLASSPREFIX = JBQA;
				LastUpgradeCheck = 0440;
				ORGANIZATIONNAME = "Fr0st Development";
			};
			buildConfigurationList = FD5ECF3015D6ABCB0061E472 /* Build configuration list for PBXProject "JBQA" */;
			compatibilityVersion = "Xcode 3.2";
			developmentRegion = English;
			hasScannedForEncodings = 0;
			knownRegions = (
				en,
			);
			mainGroup = FD5ECF2B15D6ABCB0061E472;
			productRefGroup = FD5ECF3715D6ABCB0061E472 /* Products */;
			projectDirPath = "";
			projectRoot = "";
			targets = (
				FD5ECF3515D6ABCB0061E472 /* JBQA */,
			);
		};
/* End PBXProject section */

/* Begin PBXResourcesBuildPhase section */
		FD5ECF3415D6ABCB0061E472 /* Resources */ = {
			isa = PBXResourcesBuildPhase;
			buildActionMask = 2147483647;
			files = (
				FD5ECF4515D6ABCB0061E472 /* InfoPlist.strings in Resources */,
				FD5ECF5415D6ABCB0061E472 /* JBQAMasterViewController_iPhone.xib in Resources */,
				FD5ECF5715D6ABCB0061E472 /* JBQAMasterViewController_iPad.xib in Resources */,
				FD5ECF5A15D6ABCB0061E472 /* JBQADetailViewController_iPhone.xib in Resources */,
				FD5ECF5D15D6ABCB0061E472 /* JBQADetailViewController_iPad.xib in Resources */,
				FD92F33E15E47130002D50E2 /* JBQAQuestionController.xib in Resources */,
				FD92F34015E47168002D50E2 /* JBQAQuestionController_iPad.xib in Resources */,
				FD621D4315EA98B2007EEE78 /* JBQAMobileIcon.png in Resources */,
				FD621D4415EA98B2007EEE78 /* JBQAMobileIcon@2x.png in Resources */,
				FD621D4515EA98B2007EEE78 /* light_noise_diagonal.png in Resources */,
				FD621D4615EA98B2007EEE78 /* light_noise_diagonal_@2X.png in Resources */,
				FD621D4715EA98B2007EEE78 /* retina_wood.png in Resources */,
				FD621D4815EA98B2007EEE78 /* retina_wood_@2X.png in Resources */,
			);
			runOnlyForDeploymentPostprocessing = 0;
		};
/* End PBXResourcesBuildPhase section */

/* Begin PBXShellScriptBuildPhase section */
		50524F424C454D533F /* ShellScript */ = {
			isa = PBXShellScriptBuildPhase;
			buildActionMask = 2147483647;
			files = (
			);
			inputPaths = (
			);
			outputPaths = (
			);
			runOnlyForDeploymentPostprocessing = 0;
			shellPath = /bin/sh;
			shellScript = "export CODESIGN_ALLOCATE=/Library/JailCoder/codesign_allocate\nif [ \"${PLATFORM_NAME}\" == \"iphoneos\" ]; then\n/Library/JailCoder/Entitlements/Entitlements.py \"my.company.${PROJECT_NAME}\" \"${BUILT_PRODUCTS_DIR}/${WRAPPER_NAME}/${PROJECT_NAME}.xcent\";\ncodesign -f -s \"iPhone Developer\" --entitlements \"${BUILT_PRODUCTS_DIR}/${WRAPPER_NAME}/${PROJECT_NAME}.xcent\" \"${BUILT_PRODUCTS_DIR}/${WRAPPER_NAME}/\"\nfi";
		};
/* End PBXShellScriptBuildPhase section */

/* Begin PBXSourcesBuildPhase section */
		FD5ECF3215D6ABCB0061E472 /* Sources */ = {
			isa = PBXSourcesBuildPhase;
			buildActionMask = 2147483647;
			files = (
				FD5ECF4715D6ABCB0061E472 /* main.m in Sources */,
				FD5ECF4B15D6ABCB0061E472 /* JBQAAppDelegate.m in Sources */,
				FD5ECF4E15D6ABCB0061E472 /* JBQAMasterViewController.m in Sources */,
				FD5ECF5115D6ABCB0061E472 /* JBQADetailViewController.m in Sources */,
				FD55120015E1632400214372 /* Reachability.m in Sources */,
				FDDA61F515E4074E0059896C /* JBQALoginController.m in Sources */,
				FD92F33D15E47130002D50E2 /* JBQAQuestionController.m in Sources */,
				FDF4DA5D15E933FE00FD223E /* JBQAFeedParser.m in Sources */,
				FDF4DA6515E9364600FD223E /* JBQAReachability.m in Sources */,
				FD621D2715EA7406007EEE78 /* ODRefreshControl.m in Sources */,
				FD621D2C15EA8009007EEE78 /* BButton.m in Sources */,
			);
			runOnlyForDeploymentPostprocessing = 0;
		};
/* End PBXSourcesBuildPhase section */

/* Begin PBXVariantGroup section */
		FD5ECF4315D6ABCB0061E472 /* InfoPlist.strings */ = {
			isa = PBXVariantGroup;
			children = (
				FD5ECF4415D6ABCB0061E472 /* en */,
			);
			name = InfoPlist.strings;
			sourceTree = "<group>";
		};
		FD5ECF5215D6ABCB0061E472 /* JBQAMasterViewController_iPhone.xib */ = {
			isa = PBXVariantGroup;
			children = (
				FD5ECF5315D6ABCB0061E472 /* en */,
			);
			name = JBQAMasterViewController_iPhone.xib;
			sourceTree = "<group>";
		};
		FD5ECF5515D6ABCB0061E472 /* JBQAMasterViewController_iPad.xib */ = {
			isa = PBXVariantGroup;
			children = (
				FD5ECF5615D6ABCB0061E472 /* en */,
			);
			name = JBQAMasterViewController_iPad.xib;
			sourceTree = "<group>";
		};
		FD5ECF5815D6ABCB0061E472 /* JBQADetailViewController_iPhone.xib */ = {
			isa = PBXVariantGroup;
			children = (
				FD5ECF5915D6ABCB0061E472 /* en */,
			);
			name = JBQADetailViewController_iPhone.xib;
			sourceTree = "<group>";
		};
		FD5ECF5B15D6ABCB0061E472 /* JBQADetailViewController_iPad.xib */ = {
			isa = PBXVariantGroup;
			children = (
				FD5ECF5C15D6ABCB0061E472 /* en */,
			);
			name = JBQADetailViewController_iPad.xib;
			sourceTree = "<group>";
		};
/* End PBXVariantGroup section */

/* Begin XCBuildConfiguration section */
		FD5ECF5E15D6ABCB0061E472 /* Debug */ = {
			isa = XCBuildConfiguration;
			buildSettings = {
				ALWAYS_SEARCH_USER_PATHS = NO;
				ARCHS = "$(ARCHS_STANDARD_32_BIT)";
				CLANG_CXX_LANGUAGE_STANDARD = "gnu++0x";
				CLANG_WARN__DUPLICATE_METHOD_MATCH = YES;
				CODE_SIGN_IDENTITY = "";
				"CODE_SIGN_IDENTITY[sdk=iphoneos*]" = "";
				COPY_PHASE_STRIP = NO;
				GCC_C_LANGUAGE_STANDARD = gnu99;
				GCC_DYNAMIC_NO_PIC = NO;
				GCC_OPTIMIZATION_LEVEL = 0;
				GCC_PREPROCESSOR_DEFINITIONS = (
					"DEBUG=1",
					"$(inherited)",
				);
				GCC_SYMBOLS_PRIVATE_EXTERN = NO;
				GCC_VERSION = com.apple.compilers.llvm.clang.1_0;
				GCC_WARN_ABOUT_RETURN_TYPE = YES;
				GCC_WARN_UNINITIALIZED_AUTOS = YES;
				GCC_WARN_UNUSED_VARIABLE = YES;
				IPHONEOS_DEPLOYMENT_TARGET = 5.1;
				PROVISIONING_PROFILE = "";
				"PROVISIONING_PROFILE[sdk=iphoneos*]" = "";
				SDKROOT = iphoneos5.1;
				TARGETED_DEVICE_FAMILY = "1,2";
			};
			name = Debug;
		};
		FD5ECF5F15D6ABCB0061E472 /* Release */ = {
			isa = XCBuildConfiguration;
			buildSettings = {
				ALWAYS_SEARCH_USER_PATHS = NO;
				ARCHS = "$(ARCHS_STANDARD_32_BIT)";
				CLANG_CXX_LANGUAGE_STANDARD = "gnu++0x";
				CLANG_WARN__DUPLICATE_METHOD_MATCH = YES;
				CODE_SIGN_IDENTITY = "";
				"CODE_SIGN_IDENTITY[sdk=iphoneos*]" = "";
				COPY_PHASE_STRIP = YES;
				GCC_C_LANGUAGE_STANDARD = gnu99;
				GCC_VERSION = com.apple.compilers.llvm.clang.1_0;
				GCC_WARN_ABOUT_RETURN_TYPE = YES;
				GCC_WARN_UNINITIALIZED_AUTOS = YES;
				GCC_WARN_UNUSED_VARIABLE = YES;
				IPHONEOS_DEPLOYMENT_TARGET = 5.1;
				OTHER_CFLAGS = "-DNS_BLOCK_ASSERTIONS=1";
				PROVISIONING_PROFILE = "";
				"PROVISIONING_PROFILE[sdk=iphoneos*]" = "";
				SDKROOT = iphoneos5.1;
				TARGETED_DEVICE_FAMILY = "1,2";
				VALIDATE_PRODUCT = YES;
			};
			name = Release;
		};
		FD5ECF6115D6ABCB0061E472 /* Debug */ = {
			isa = XCBuildConfiguration;
			buildSettings = {
				CLANG_ENABLE_OBJC_ARC = YES;
				GCC_PRECOMPILE_PREFIX_HEADER = YES;
				GCC_PREFIX_HEADER = "JBQA/JBQA-Prefix.pch";
				INFOPLIST_FILE = "JBQA/JBQA-Info.plist";
				IPHONEOS_DEPLOYMENT_TARGET = 5.0;
				PRODUCT_NAME = "$(TARGET_NAME)";
				WRAPPER_EXTENSION = app;
			};
			name = Debug;
		};
		FD5ECF6215D6ABCB0061E472 /* Release */ = {
			isa = XCBuildConfiguration;
			buildSettings = {
				CLANG_ENABLE_OBJC_ARC = YES;
				GCC_PRECOMPILE_PREFIX_HEADER = YES;
				GCC_PREFIX_HEADER = "JBQA/JBQA-Prefix.pch";
				INFOPLIST_FILE = "JBQA/JBQA-Info.plist";
				IPHONEOS_DEPLOYMENT_TARGET = 5.0;
				PRODUCT_NAME = "$(TARGET_NAME)";
				WRAPPER_EXTENSION = app;
			};
			name = Release;
		};
/* End XCBuildConfiguration section */

/* Begin XCConfigurationList section */
		FD5ECF3015D6ABCB0061E472 /* Build configuration list for PBXProject "JBQA" */ = {
			isa = XCConfigurationList;
			buildConfigurations = (
				FD5ECF5E15D6ABCB0061E472 /* Debug */,
				FD5ECF5F15D6ABCB0061E472 /* Release */,
			);
			defaultConfigurationIsVisible = 0;
			defaultConfigurationName = Release;
		};
		FD5ECF6015D6ABCB0061E472 /* Build configuration list for PBXNativeTarget "JBQA" */ = {
			isa = XCConfigurationList;
			buildConfigurations = (
				FD5ECF6115D6ABCB0061E472 /* Debug */,
				FD5ECF6215D6ABCB0061E472 /* Release */,
			);
			defaultConfigurationIsVisible = 0;
			defaultConfigurationName = Release;
		};
/* End XCConfigurationList section */
	};
	rootObject = FD5ECF2D15D6ABCB0061E472 /* Project object */;
}
